github.com/mr-tron/base58 v1.2.0 h1:T/HDJBh4ZCPbU39/+c3rRvE0uKBQlU27+QI8LJ4t64o=
github.com/mr-tron/base58 v1.2.0/go.mod h1:BinMc/sQntlIE1frQmRFPUoPA1Zkr8VRgBdjWI2mNwc=
github.com/vrecan/death v3.0.1+incompatible h1:hYRRqrdyoUAbymk2KJ8tNHmZFKcVeThRUySCqwC5Itg=
github.com/vrecan/death v3.0.1+incompatible/go.mod h1:ektTae4lwvcXJ7pytrLb2N0w7mwhzmu+f5vRHYzy33E=
